
Microsoft Visual Studio Solution File, Format Version 12.00
# Visual Studio Version 16
VisualStudioVersion = 16.0.31911.196
MinimumVisualStudioVersion = 10.0.40219.1
Project("{9A19103F-16F7-4668-BE54-9A1E7A4F7556}") = "APIDomain", "Domain\APIDomain\APIDomain.csproj", "{48BA78F6-7583-4619-B920-5E4C968194A8}"
EndProject
Project("{9A19103F-16F7-4668-BE54-9A1E7A4F7556}") = "APIInfra", "Infra\APIInfra\APIInfra.csproj", "{C1AA8695-4667-489E-91E1-11DB2FA02E14}"
EndProject
Project("{9A19103F-16F7-4668-BE54-9A1E7A4F7556}") = "WebAPI", "WebAPI\WebAPI\WebAPI.csproj", "{EE31DA98-2C0B-4EE0-97AD-0933570D2AC2}"
	ProjectSection(ProjectDependencies) = postProject
		{C1AA8695-4667-489E-91E1-11DB2FA02E14} = {C1AA8695-4667-489E-91E1-11DB2FA02E14}
	EndProjectSection
EndProject
Project("{9A19103F-16F7-4668-BE54-9A1E7A4F7556}") = "APIInfraCrossCutting", "InfraCrossCutting\APIInfraCrossCutting\APIInfraCrossCutting.csproj", "{6E5F84D2-68DE-4171-96BB-1D2ED76153B4}"
EndProject
Project("{FAE04EC0-301F-11D3-BF4B-00C04F79EFBC}") = "APIServices", "Services\APIServices\APIServices.csproj", "{56AF91DB-5360-474C-AD8C-DDE4AB8C3A97}"
EndProject
Global
	GlobalSection(SolutionConfigurationPlatforms) = preSolution
		Debug|Any CPU = Debug|Any CPU
		Release|Any CPU = Release|Any CPU
	EndGlobalSection
	GlobalSection(ProjectConfigurationPlatforms) = postSolution
		{48BA78F6-7583-4619-B920-5E4C968194A8}.Debug|Any CPU.ActiveCfg = Debug|Any CPU
		{48BA78F6-7583-4619-B920-5E4C968194A8}.Debug|Any CPU.Build.0 = Debug|Any CPU
		{48BA78F6-7583-4619-B920-5E4C968194A8}.Release|Any CPU.ActiveCfg = Release|Any CPU
		{48BA78F6-7583-4619-B920-5E4C968194A8}.Release|Any CPU.Build.0 = Release|Any CPU
		{C1AA8695-4667-489E-91E1-11DB2FA02E14}.Debug|Any CPU.ActiveCfg = Debug|Any CPU
		{C1AA8695-4667-489E-91E1-11DB2FA02E14}.Debug|Any CPU.Build.0 = Debug|Any CPU
		{C1AA8695-4667-489E-91E1-11DB2FA02E14}.Release|Any CPU.ActiveCfg = Release|Any CPU
		{C1AA8695-4667-489E-91E1-11DB2FA02E14}.Release|Any CPU.Build.0 = Release|Any CPU
		{EE31DA98-2C0B-4EE0-97AD-0933570D2AC2}.Debug|Any CPU.ActiveCfg = Debug|Any CPU
		{EE31DA98-2C0B-4EE0-97AD-0933570D2AC2}.Debug|Any CPU.Build.0 = Debug|Any CPU
		{EE31DA98-2C0B-4EE0-97AD-0933570D2AC2}.Release|Any CPU.ActiveCfg = Release|Any CPU
		{EE31DA98-2C0B-4EE0-97AD-0933570D2AC2}.Release|Any CPU.Build.0 = Release|Any CPU
		{6E5F84D2-68DE-4171-96BB-1D2ED76153B4}.Debug|Any CPU.ActiveCfg = Debug|Any CPU
		{6E5F84D2-68DE-4171-96BB-1D2ED76153B4}.Debug|Any CPU.Build.0 = Debug|Any CPU
		{6E5F84D2-68DE-4171-96BB-1D2ED76153B4}.Release|Any CPU.ActiveCfg = Release|Any CPU
		{6E5F84D2-68DE-4171-96BB-1D2ED76153B4}.Release|Any CPU.Build.0 = Release|Any CPU
		{56AF91DB-5360-474C-AD8C-DDE4AB8C3A97}.Debug|Any CPU.ActiveCfg = Debug|Any CPU
		{56AF91DB-5360-474C-AD8C-DDE4AB8C3A97}.Debug|Any CPU.Build.0 = Debug|Any CPU
		{56AF91DB-5360-474C-AD8C-DDE4AB8C3A97}.Release|Any CPU.ActiveCfg = Release|Any CPU
		{56AF91DB-5360-474C-AD8C-DDE4AB8C3A97}.Release|Any CPU.Build.0 = Release|Any CPU
	EndGlobalSection
	GlobalSection(SolutionProperties) = preSolution
		HideSolutionNode = FALSE
	EndGlobalSection
	GlobalSection(ExtensibilityGlobals) = postSolution
		SolutionGuid = {18C9A66F-0727-42A6-BC60-E586C654B743}
	EndGlobalSection
EndGlobal
